
Microsoft Visual Studio Solution File, Format Version 12.00
# Visual Studio Version 16
VisualStudioVersion = 16.0.31424.327
MinimumVisualStudioVersion = 10.0.40219.1
Project("{FAE04EC0-301F-11D3-BF4B-00C04F79EFBC}") = "ZvadoHacks", "ZvadoHacks\ZvadoHacks.csproj", "{A6C054E6-9863-4131-AD98-71E6394F7046}"
EndProject
Global
	GlobalSection(SolutionConfigurationPlatforms) = preSolution
		Debug|Any CPU = Debug|Any CPU
		Release|Any CPU = Release|Any CPU
	EndGlobalSection
	GlobalSection(ProjectConfigurationPlatforms) = postSolution
		{A6C054E6-9863-4131-AD98-71E6394F7046}.Debug|Any CPU.ActiveCfg = Debug|Any CPU
		{A6C054E6-9863-4131-AD98-71E6394F7046}.Debug|Any CPU.Build.0 = Debug|Any CPU
		{A6C054E6-9863-4131-AD98-71E6394F7046}.Release|Any CPU.ActiveCfg = Release|Any CPU
		{A6C054E6-9863-4131-AD98-71E6394F7046}.Release|Any CPU.Build.0 = Release|Any CPU
	EndGlobalSection
	GlobalSection(SolutionProperties) = preSolution
		HideSolutionNode = FALSE
	EndGlobalSection
	GlobalSection(ExtensibilityGlobals) = postSolution
		SolutionGuid = {0BFE1157-F8A8-4153-9532-923D723E3319}
	EndGlobalSection
EndGlobal
